// !$*UTF8*$!
{
	archiveVersion = 1;
	classes = {
	};
	objectVersion = 56;
	objects = {

/* Begin PBXBuildFile section */
		B0150B262AD29F53008F9FEA /* BrailleApp.swift in Sources */ = {isa = PBXBuildFile; fileRef = B0150B252AD29F53008F9FEA /* BrailleApp.swift */; };
		B0150B282AD29F53008F9FEA /* ContentView.swift in Sources */ = {isa = PBXBuildFile; fileRef = B0150B272AD29F53008F9FEA /* ContentView.swift */; };
		B0150B2A2AD29F55008F9FEA /* Assets.xcassets in Resources */ = {isa = PBXBuildFile; fileRef = B0150B292AD29F55008F9FEA /* Assets.xcassets */; };
		B0150B2D2AD29F55008F9FEA /* Preview Assets.xcassets in Resources */ = {isa = PBXBuildFile; fileRef = B0150B2C2AD29F55008F9FEA /* Preview Assets.xcassets */; };
		B0150B372AD29F55008F9FEA /* BrailleTests.swift in Sources */ = {isa = PBXBuildFile; fileRef = B0150B362AD29F55008F9FEA /* BrailleTests.swift */; };
		B0150B412AD29F55008F9FEA /* BrailleUITests.swift in Sources */ = {isa = PBXBuildFile; fileRef = B0150B402AD29F55008F9FEA /* BrailleUITests.swift */; };
		B0150B432AD29F55008F9FEA /* BrailleUITestsLaunchTests.swift in Sources */ = {isa = PBXBuildFile; fileRef = B0150B422AD29F55008F9FEA /* BrailleUITestsLaunchTests.swift */; };
		B0150B502AD2A4F4008F9FEA /* ContiView.swift in Sources */ = {isa = PBXBuildFile; fileRef = B0150B4F2AD2A4F4008F9FEA /* ContiView.swift */; };
		B0150B522AD2A508008F9FEA /* CarteView.swift in Sources */ = {isa = PBXBuildFile; fileRef = B0150B512AD2A508008F9FEA /* CarteView.swift */; };
		B0150B542AD2A513008F9FEA /* OperazioniView.swift in Sources */ = {isa = PBXBuildFile; fileRef = B0150B532AD2A513008F9FEA /* OperazioniView.swift */; };
		B0150B562AD2A528008F9FEA /* ParlaView.swift in Sources */ = {isa = PBXBuildFile; fileRef = B0150B552AD2A528008F9FEA /* ParlaView.swift */; };
		B0150B582AD2A533008F9FEA /* AltroView.swift in Sources */ = {isa = PBXBuildFile; fileRef = B0150B572AD2A533008F9FEA /* AltroView.swift */; };
		B0150B632AD2B486008F9FEA /* Lexend-Black.ttf in Resources */ = {isa = PBXBuildFile; fileRef = B0150B5E2AD2B2EC008F9FEA /* Lexend-Black.ttf */; };
		B0150B642AD2B4D4008F9FEA /* Lexend-Bold.ttf in Resources */ = {isa = PBXBuildFile; fileRef = B0150B602AD2B2EC008F9FEA /* Lexend-Bold.ttf */; };
		B0150B652AD2B4D6008F9FEA /* Lexend-ExtraBold.ttf in Resources */ = {isa = PBXBuildFile; fileRef = B0150B5B2AD2B2EC008F9FEA /* Lexend-ExtraBold.ttf */; };
		B0150B662AD2B4D9008F9FEA /* Lexend-ExtraLight.ttf in Resources */ = {isa = PBXBuildFile; fileRef = B0150B592AD2B2EB008F9FEA /* Lexend-ExtraLight.ttf */; };
		B0150B672AD2B4DB008F9FEA /* Lexend-Light.ttf in Resources */ = {isa = PBXBuildFile; fileRef = B0150B5D2AD2B2EC008F9FEA /* Lexend-Light.ttf */; };
		B0150B682AD2B4DE008F9FEA /* Lexend-Medium.ttf in Resources */ = {isa = PBXBuildFile; fileRef = B0150B5C2AD2B2EC008F9FEA /* Lexend-Medium.ttf */; };
		B0150B692AD2B4E1008F9FEA /* Lexend-Regular.ttf in Resources */ = {isa = PBXBuildFile; fileRef = B0150B5A2AD2B2EC008F9FEA /* Lexend-Regular.ttf */; };
		B0150B6A2AD2B4E4008F9FEA /* Lexend-SemiBold.ttf in Resources */ = {isa = PBXBuildFile; fileRef = B0150B5F2AD2B2EC008F9FEA /* Lexend-SemiBold.ttf */; };
		B0150B6B2AD2B4E6008F9FEA /* Lexend-Thin.ttf in Resources */ = {isa = PBXBuildFile; fileRef = B0150B612AD2B2EC008F9FEA /* Lexend-Thin.ttf */; };
		B054B7692AD2F04E007D4668 /* CecitàParziale.swift in Sources */ = {isa = PBXBuildFile; fileRef = B054B7682AD2F04E007D4668 /* CecitàParziale.swift */; };
		B054B7712AD2FCFF007D4668 /* ViewProva.swift in Sources */ = {isa = PBXBuildFile; fileRef = B054B7702AD2FCFF007D4668 /* ViewProva.swift */; };
		B054B7772AD30ECC007D4668 /* OnBoardingSecond.swift in Sources */ = {isa = PBXBuildFile; fileRef = B054B7762AD30ECC007D4668 /* OnBoardingSecond.swift */; };
		B0A0BA482AD4061C0087D4AF /* CecitàTotale.swift in Sources */ = {isa = PBXBuildFile; fileRef = B0A0BA472AD4061C0087D4AF /* CecitàTotale.swift */; };
		B0A0BA4A2AD4068C0087D4AF /* ContiCarteView.swift in Sources */ = {isa = PBXBuildFile; fileRef = B0A0BA492AD4068C0087D4AF /* ContiCarteView.swift */; };
		B0A0BA4C2AD407910087D4AF /* AiutoView.swift in Sources */ = {isa = PBXBuildFile; fileRef = B0A0BA4B2AD407910087D4AF /* AiutoView.swift */; };
		B0A0BA4E2AD40CB40087D4AF /* ContiViewCiechi.swift in Sources */ = {isa = PBXBuildFile; fileRef = B0A0BA4D2AD40CB40087D4AF /* ContiViewCiechi.swift */; };
		B0A0BA502AD40E900087D4AF /* SaldoMovimentiView.swift in Sources */ = {isa = PBXBuildFile; fileRef = B0A0BA4F2AD40E900087D4AF /* SaldoMovimentiView.swift */; };
		B0A0BA522AD40FA40087D4AF /* SaldoView.swift in Sources */ = {isa = PBXBuildFile; fileRef = B0A0BA512AD40FA40087D4AF /* SaldoView.swift */; };
		B0A0BA542AD410310087D4AF /* SaldoViewBlur.swift in Sources */ = {isa = PBXBuildFile; fileRef = B0A0BA532AD410310087D4AF /* SaldoViewBlur.swift */; };
		B0A0BA562AD4114F0087D4AF /* GifView.swift in Sources */ = {isa = PBXBuildFile; fileRef = B0A0BA552AD4114F0087D4AF /* GifView.swift */; };
/* End PBXBuildFile section */

/* Begin PBXContainerItemProxy section */
		B0150B332AD29F55008F9FEA /* PBXContainerItemProxy */ = {
			isa = PBXContainerItemProxy;
			containerPortal = B0150B1A2AD29F53008F9FEA /* Project object */;
			proxyType = 1;
			remoteGlobalIDString = B0150B212AD29F53008F9FEA;
			remoteInfo = Braille;
		};
		B0150B3D2AD29F55008F9FEA /* PBXContainerItemProxy */ = {
			isa = PBXContainerItemProxy;
			containerPortal = B0150B1A2AD29F53008F9FEA /* Project object */;
			proxyType = 1;
			remoteGlobalIDString = B0150B212AD29F53008F9FEA;
			remoteInfo = Braille;
		};
/* End PBXContainerItemProxy section */

/* Begin PBXFileReference section */
		B0150B222AD29F53008F9FEA /* Braille.app */ = {isa = PBXFileReference; explicitFileType = wrapper.application; includeInIndex = 0; path = Braille.app; sourceTree = BUILT_PRODUCTS_DIR; };
		B0150B252AD29F53008F9FEA /* BrailleApp.swift */ = {isa = PBXFileReference; lastKnownFileType = sourcecode.swift; path = BrailleApp.swift; sourceTree = "<group>"; };
		B0150B272AD29F53008F9FEA /* ContentView.swift */ = {isa = PBXFileReference; lastKnownFileType = sourcecode.swift; path = ContentView.swift; sourceTree = "<group>"; };
		B0150B292AD29F55008F9FEA /* Assets.xcassets */ = {isa = PBXFileReference; lastKnownFileType = folder.assetcatalog; path = Assets.xcassets; sourceTree = "<group>"; };
		B0150B2C2AD29F55008F9FEA /* Preview Assets.xcassets */ = {isa = PBXFileReference; lastKnownFileType = folder.assetcatalog; path = "Preview Assets.xcassets"; sourceTree = "<group>"; };
		B0150B322AD29F55008F9FEA /* BrailleTests.xctest */ = {isa = PBXFileReference; explicitFileType = wrapper.cfbundle; includeInIndex = 0; path = BrailleTests.xctest; sourceTree = BUILT_PRODUCTS_DIR; };
		B0150B362AD29F55008F9FEA /* BrailleTests.swift */ = {isa = PBXFileReference; lastKnownFileType = sourcecode.swift; path = BrailleTests.swift; sourceTree = "<group>"; };
		B0150B3C2AD29F55008F9FEA /* BrailleUITests.xctest */ = {isa = PBXFileReference; explicitFileType = wrapper.cfbundle; includeInIndex = 0; path = BrailleUITests.xctest; sourceTree = BUILT_PRODUCTS_DIR; };
		B0150B402AD29F55008F9FEA /* BrailleUITests.swift */ = {isa = PBXFileReference; lastKnownFileType = sourcecode.swift; path = BrailleUITests.swift; sourceTree = "<group>"; };
		B0150B422AD29F55008F9FEA /* BrailleUITestsLaunchTests.swift */ = {isa = PBXFileReference; lastKnownFileType = sourcecode.swift; path = BrailleUITestsLaunchTests.swift; sourceTree = "<group>"; };
		B0150B4F2AD2A4F4008F9FEA /* ContiView.swift */ = {isa = PBXFileReference; lastKnownFileType = sourcecode.swift; path = ContiView.swift; sourceTree = "<group>"; };
		B0150B512AD2A508008F9FEA /* CarteView.swift */ = {isa = PBXFileReference; lastKnownFileType = sourcecode.swift; path = CarteView.swift; sourceTree = "<group>"; };
		B0150B532AD2A513008F9FEA /* OperazioniView.swift */ = {isa = PBXFileReference; lastKnownFileType = sourcecode.swift; path = OperazioniView.swift; sourceTree = "<group>"; };
		B0150B552AD2A528008F9FEA /* ParlaView.swift */ = {isa = PBXFileReference; lastKnownFileType = sourcecode.swift; path = ParlaView.swift; sourceTree = "<group>"; };
		B0150B572AD2A533008F9FEA /* AltroView.swift */ = {isa = PBXFileReference; lastKnownFileType = sourcecode.swift; path = AltroView.swift; sourceTree = "<group>"; };
		B0150B592AD2B2EB008F9FEA /* Lexend-ExtraLight.ttf */ = {isa = PBXFileReference; lastKnownFileType = file; path = "Lexend-ExtraLight.ttf"; sourceTree = "<group>"; };
		B0150B5A2AD2B2EC008F9FEA /* Lexend-Regular.ttf */ = {isa = PBXFileReference; lastKnownFileType = file; path = "Lexend-Regular.ttf"; sourceTree = "<group>"; };
		B0150B5B2AD2B2EC008F9FEA /* Lexend-ExtraBold.ttf */ = {isa = PBXFileReference; lastKnownFileType = file; path = "Lexend-ExtraBold.ttf"; sourceTree = "<group>"; };
		B0150B5C2AD2B2EC008F9FEA /* Lexend-Medium.ttf */ = {isa = PBXFileReference; lastKnownFileType = file; path = "Lexend-Medium.ttf"; sourceTree = "<group>"; };
		B0150B5D2AD2B2EC008F9FEA /* Lexend-Light.ttf */ = {isa = PBXFileReference; lastKnownFileType = file; path = "Lexend-Light.ttf"; sourceTree = "<group>"; };
		B0150B5E2AD2B2EC008F9FEA /* Lexend-Black.ttf */ = {isa = PBXFileReference; lastKnownFileType = file; path = "Lexend-Black.ttf"; sourceTree = "<group>"; };
		B0150B5F2AD2B2EC008F9FEA /* Lexend-SemiBold.ttf */ = {isa = PBXFileReference; lastKnownFileType = file; path = "Lexend-SemiBold.ttf"; sourceTree = "<group>"; };
		B0150B602AD2B2EC008F9FEA /* Lexend-Bold.ttf */ = {isa = PBXFileReference; lastKnownFileType = file; path = "Lexend-Bold.ttf"; sourceTree = "<group>"; };
		B0150B612AD2B2EC008F9FEA /* Lexend-Thin.ttf */ = {isa = PBXFileReference; lastKnownFileType = file; path = "Lexend-Thin.ttf"; sourceTree = "<group>"; };
		B0150B622AD2B369008F9FEA /* Info.plist */ = {isa = PBXFileReference; lastKnownFileType = text.plist; path = Info.plist; sourceTree = "<group>"; };
		B054B7682AD2F04E007D4668 /* CecitàParziale.swift */ = {isa = PBXFileReference; lastKnownFileType = sourcecode.swift; path = "CecitàParziale.swift"; sourceTree = "<group>"; };
		B054B7702AD2FCFF007D4668 /* ViewProva.swift */ = {isa = PBXFileReference; lastKnownFileType = sourcecode.swift; path = ViewProva.swift; sourceTree = "<group>"; };
		B054B7762AD30ECC007D4668 /* OnBoardingSecond.swift */ = {isa = PBXFileReference; lastKnownFileType = sourcecode.swift; path = OnBoardingSecond.swift; sourceTree = "<group>"; };
		B0A0BA472AD4061C0087D4AF /* CecitàTotale.swift */ = {isa = PBXFileReference; lastKnownFileType = sourcecode.swift; path = "CecitàTotale.swift"; sourceTree = "<group>"; };
		B0A0BA492AD4068C0087D4AF /* ContiCarteView.swift */ = {isa = PBXFileReference; lastKnownFileType = sourcecode.swift; path = ContiCarteView.swift; sourceTree = "<group>"; };
		B0A0BA4B2AD407910087D4AF /* AiutoView.swift */ = {isa = PBXFileReference; lastKnownFileType = sourcecode.swift; path = AiutoView.swift; sourceTree = "<group>"; };
		B0A0BA4D2AD40CB40087D4AF /* ContiViewCiechi.swift */ = {isa = PBXFileReference; lastKnownFileType = sourcecode.swift; path = ContiViewCiechi.swift; sourceTree = "<group>"; };
		B0A0BA4F2AD40E900087D4AF /* SaldoMovimentiView.swift */ = {isa = PBXFileReference; lastKnownFileType = sourcecode.swift; path = SaldoMovimentiView.swift; sourceTree = "<group>"; };
		B0A0BA512AD40FA40087D4AF /* SaldoView.swift */ = {isa = PBXFileReference; lastKnownFileType = sourcecode.swift; path = SaldoView.swift; sourceTree = "<group>"; };
		B0A0BA532AD410310087D4AF /* SaldoViewBlur.swift */ = {isa = PBXFileReference; lastKnownFileType = sourcecode.swift; path = SaldoViewBlur.swift; sourceTree = "<group>"; };
		B0A0BA552AD4114F0087D4AF /* GifView.swift */ = {isa = PBXFileReference; lastKnownFileType = sourcecode.swift; path = GifView.swift; sourceTree = "<group>"; };
/* End PBXFileReference section */

/* Begin PBXFrameworksBuildPhase section */
		B0150B1F2AD29F53008F9FEA /* Frameworks */ = {
			isa = PBXFrameworksBuildPhase;
			buildActionMask = 2147483647;
			files = (
			);
			runOnlyForDeploymentPostprocessing = 0;
		};
		B0150B2F2AD29F55008F9FEA /* Frameworks */ = {
			isa = PBXFrameworksBuildPhase;
			buildActionMask = 2147483647;
			files = (
			);
			runOnlyForDeploymentPostprocessing = 0;
		};
		B0150B392AD29F55008F9FEA /* Frameworks */ = {
			isa = PBXFrameworksBuildPhase;
			buildActionMask = 2147483647;
			files = (
			);
			runOnlyForDeploymentPostprocessing = 0;
		};
/* End PBXFrameworksBuildPhase section */

/* Begin PBXGroup section */
		B0150B192AD29F53008F9FEA = {
			isa = PBXGroup;
			children = (
				B0150B242AD29F53008F9FEA /* Braille */,
				B0150B352AD29F55008F9FEA /* BrailleTests */,
				B0150B3F2AD29F55008F9FEA /* BrailleUITests */,
				B0150B232AD29F53008F9FEA /* Products */,
			);
			sourceTree = "<group>";
		};
		B0150B232AD29F53008F9FEA /* Products */ = {
			isa = PBXGroup;
			children = (
				B0150B222AD29F53008F9FEA /* Braille.app */,
				B0150B322AD29F55008F9FEA /* BrailleTests.xctest */,
				B0150B3C2AD29F55008F9FEA /* BrailleUITests.xctest */,
			);
			name = Products;
			sourceTree = "<group>";
		};
		B0150B242AD29F53008F9FEA /* Braille */ = {
			isa = PBXGroup;
			children = (
				B0150B622AD2B369008F9FEA /* Info.plist */,
				B0150B252AD29F53008F9FEA /* BrailleApp.swift */,
				B054B7762AD30ECC007D4668 /* OnBoardingSecond.swift */,
				B0150B272AD29F53008F9FEA /* ContentView.swift */,
				B054B7682AD2F04E007D4668 /* CecitàParziale.swift */,
				B020C5512AD44672007E2AA3 /* Cecità Totale */,
				B0A0BA552AD4114F0087D4AF /* GifView.swift */,
				B054B76D2AD2F7A0007D4668 /* Tab Bar Views */,
				B054B7702AD2FCFF007D4668 /* ViewProva.swift */,
				B0150B292AD29F55008F9FEA /* Assets.xcassets */,
				B054B76C2AD2F756007D4668 /* Fonts */,
				B0150B2B2AD29F55008F9FEA /* Preview Content */,
			);
			path = Braille;
			sourceTree = "<group>";
		};
		B0150B2B2AD29F55008F9FEA /* Preview Content */ = {
			isa = PBXGroup;
			children = (
				B0150B2C2AD29F55008F9FEA /* Preview Assets.xcassets */,
			);
			path = "Preview Content";
			sourceTree = "<group>";
		};
		B0150B352AD29F55008F9FEA /* BrailleTests */ = {
			isa = PBXGroup;
			children = (
				B0150B362AD29F55008F9FEA /* BrailleTests.swift */,
			);
			path = BrailleTests;
			sourceTree = "<group>";
		};
		B0150B3F2AD29F55008F9FEA /* BrailleUITests */ = {
			isa = PBXGroup;
			children = (
				B0150B402AD29F55008F9FEA /* BrailleUITests.swift */,
				B0150B422AD29F55008F9FEA /* BrailleUITestsLaunchTests.swift */,
			);
			path = BrailleUITests;
			sourceTree = "<group>";
		};
		B020C5512AD44672007E2AA3 /* Cecità Totale */ = {
			isa = PBXGroup;
			children = (
				B0A0BA472AD4061C0087D4AF /* CecitàTotale.swift */,
				B0A0BA4B2AD407910087D4AF /* AiutoView.swift */,
				B0A0BA492AD4068C0087D4AF /* ContiCarteView.swift */,
				B0A0BA4D2AD40CB40087D4AF /* ContiViewCiechi.swift */,
				B0A0BA4F2AD40E900087D4AF /* SaldoMovimentiView.swift */,
				B0A0BA512AD40FA40087D4AF /* SaldoView.swift */,
				B0A0BA532AD410310087D4AF /* SaldoViewBlur.swift */,
			);
			name = "Cecità Totale";
			path = "Cecità Totale";
			sourceTree = "<group>";
		};
		B054B76C2AD2F756007D4668 /* Fonts */ = {
			isa = PBXGroup;
			children = (
				B0150B5E2AD2B2EC008F9FEA /* Lexend-Black.ttf */,
				B0150B602AD2B2EC008F9FEA /* Lexend-Bold.ttf */,
				B0150B5B2AD2B2EC008F9FEA /* Lexend-ExtraBold.ttf */,
				B0150B592AD2B2EB008F9FEA /* Lexend-ExtraLight.ttf */,
				B0150B5D2AD2B2EC008F9FEA /* Lexend-Light.ttf */,
				B0150B5C2AD2B2EC008F9FEA /* Lexend-Medium.ttf */,
				B0150B5A2AD2B2EC008F9FEA /* Lexend-Regular.ttf */,
				B0150B5F2AD2B2EC008F9FEA /* Lexend-SemiBold.ttf */,
				B0150B612AD2B2EC008F9FEA /* Lexend-Thin.ttf */,
			);
			path = Fonts;
			sourceTree = "<group>";
		};
		B054B76D2AD2F7A0007D4668 /* Tab Bar Views */ = {
			isa = PBXGroup;
			children = (
				B0150B4F2AD2A4F4008F9FEA /* ContiView.swift */,
				B0150B512AD2A508008F9FEA /* CarteView.swift */,
				B0150B532AD2A513008F9FEA /* OperazioniView.swift */,
				B0150B552AD2A528008F9FEA /* ParlaView.swift */,
				B0150B572AD2A533008F9FEA /* AltroView.swift */,
			);
			path = "Tab Bar Views";
			sourceTree = "<group>";
		};
/* End PBXGroup section */

/* Begin PBXNativeTarget section */
		B0150B212AD29F53008F9FEA /* Braille */ = {
			isa = PBXNativeTarget;
			buildConfigurationList = B0150B462AD29F55008F9FEA /* Build configuration list for PBXNativeTarget "Braille" */;
			buildPhases = (
				B0150B1E2AD29F53008F9FEA /* Sources */,
				B0150B1F2AD29F53008F9FEA /* Frameworks */,
				B0150B202AD29F53008F9FEA /* Resources */,
			);
			buildRules = (
			);
			dependencies = (
			);
			name = Braille;
			productName = Braille;
			productReference = B0150B222AD29F53008F9FEA /* Braille.app */;
			productType = "com.apple.product-type.application";
		};
		B0150B312AD29F55008F9FEA /* BrailleTests */ = {
			isa = PBXNativeTarget;
			buildConfigurationList = B0150B492AD29F55008F9FEA /* Build configuration list for PBXNativeTarget "BrailleTests" */;
			buildPhases = (
				B0150B2E2AD29F55008F9FEA /* Sources */,
				B0150B2F2AD29F55008F9FEA /* Frameworks */,
				B0150B302AD29F55008F9FEA /* Resources */,
			);
			buildRules = (
			);
			dependencies = (
				B0150B342AD29F55008F9FEA /* PBXTargetDependency */,
			);
			name = BrailleTests;
			productName = BrailleTests;
			productReference = B0150B322AD29F55008F9FEA /* BrailleTests.xctest */;
			productType = "com.apple.product-type.bundle.unit-test";
		};
		B0150B3B2AD29F55008F9FEA /* BrailleUITests */ = {
			isa = PBXNativeTarget;
			buildConfigurationList = B0150B4C2AD29F55008F9FEA /* Build configuration list for PBXNativeTarget "BrailleUITests" */;
			buildPhases = (
				B0150B382AD29F55008F9FEA /* Sources */,
				B0150B392AD29F55008F9FEA /* Frameworks */,
				B0150B3A2AD29F55008F9FEA /* Resources */,
			);
			buildRules = (
			);
			dependencies = (
				B0150B3E2AD29F55008F9FEA /* PBXTargetDependency */,
			);
			name = BrailleUITests;
			productName = BrailleUITests;
			productReference = B0150B3C2AD29F55008F9FEA /* BrailleUITests.xctest */;
			productType = "com.apple.product-type.bundle.ui-testing";
		};
/* End PBXNativeTarget section */

/* Begin PBXProject section */
		B0150B1A2AD29F53008F9FEA /* Project object */ = {
			isa = PBXProject;
			attributes = {
				BuildIndependentTargetsInParallel = 1;
				LastSwiftUpdateCheck = 1500;
				LastUpgradeCheck = 1500;
				TargetAttributes = {
					B0150B212AD29F53008F9FEA = {
						CreatedOnToolsVersion = 15.0;
					};
					B0150B312AD29F55008F9FEA = {
						CreatedOnToolsVersion = 15.0;
						TestTargetID = B0150B212AD29F53008F9FEA;
					};
					B0150B3B2AD29F55008F9FEA = {
						CreatedOnToolsVersion = 15.0;
						TestTargetID = B0150B212AD29F53008F9FEA;
					};
				};
			};
			buildConfigurationList = B0150B1D2AD29F53008F9FEA /* Build configuration list for PBXProject "Braille" */;
			compatibilityVersion = "Xcode 14.0";
			developmentRegion = en;
			hasScannedForEncodings = 0;
			knownRegions = (
				en,
				Base,
			);
			mainGroup = B0150B192AD29F53008F9FEA;
			productRefGroup = B0150B232AD29F53008F9FEA /* Products */;
			projectDirPath = "";
			projectRoot = "";
			targets = (
				B0150B212AD29F53008F9FEA /* Braille */,
				B0150B312AD29F55008F9FEA /* BrailleTests */,
				B0150B3B2AD29F55008F9FEA /* BrailleUITests */,
			);
		};
/* End PBXProject section */

/* Begin PBXResourcesBuildPhase section */
		B0150B202AD29F53008F9FEA /* Resources */ = {
			isa = PBXResourcesBuildPhase;
			buildActionMask = 2147483647;
			files = (
				B0150B692AD2B4E1008F9FEA /* Lexend-Regular.ttf in Resources */,
				B0150B672AD2B4DB008F9FEA /* Lexend-Light.ttf in Resources */,
				B0150B662AD2B4D9008F9FEA /* Lexend-ExtraLight.ttf in Resources */,
				B0150B632AD2B486008F9FEA /* Lexend-Black.ttf in Resources */,
				B0150B682AD2B4DE008F9FEA /* Lexend-Medium.ttf in Resources */,
				B0150B6A2AD2B4E4008F9FEA /* Lexend-SemiBold.ttf in Resources */,
				B0150B6B2AD2B4E6008F9FEA /* Lexend-Thin.ttf in Resources */,
				B0150B642AD2B4D4008F9FEA /* Lexend-Bold.ttf in Resources */,
				B0150B652AD2B4D6008F9FEA /* Lexend-ExtraBold.ttf in Resources */,
				B0150B2D2AD29F55008F9FEA /* Preview Assets.xcassets in Resources */,
				B0150B2A2AD29F55008F9FEA /* Assets.xcassets in Resources */,
			);
			runOnlyForDeploymentPostprocessing = 0;
		};
		B0150B302AD29F55008F9FEA /* Resources */ = {
			isa = PBXResourcesBuildPhase;
			buildActionMask = 2147483647;
			files = (
			);
			runOnlyForDeploymentPostprocessing = 0;
		};
		B0150B3A2AD29F55008F9FEA /* Resources */ = {
			isa = PBXResourcesBuildPhase;
			buildActionMask = 2147483647;
			files = (
			);
			runOnlyForDeploymentPostprocessing = 0;
		};
/* End PBXResourcesBuildPhase section */

/* Begin PBXSourcesBuildPhase section */
		B0150B1E2AD29F53008F9FEA /* Sources */ = {
			isa = PBXSourcesBuildPhase;
			buildActionMask = 2147483647;
			files = (
				B0A0BA522AD40FA40087D4AF /* SaldoView.swift in Sources */,
				B0A0BA542AD410310087D4AF /* SaldoViewBlur.swift in Sources */,
				B0A0BA502AD40E900087D4AF /* SaldoMovimentiView.swift in Sources */,
				B054B7692AD2F04E007D4668 /* CecitàParziale.swift in Sources */,
				B054B7772AD30ECC007D4668 /* OnBoardingSecond.swift in Sources */,
				B0150B522AD2A508008F9FEA /* CarteView.swift in Sources */,
				B0A0BA562AD4114F0087D4AF /* GifView.swift in Sources */,
				B0A0BA4A2AD4068C0087D4AF /* ContiCarteView.swift in Sources */,
				B0150B282AD29F53008F9FEA /* ContentView.swift in Sources */,
				B0150B262AD29F53008F9FEA /* BrailleApp.swift in Sources */,
				B0A0BA4E2AD40CB40087D4AF /* ContiViewCiechi.swift in Sources */,
				B0150B562AD2A528008F9FEA /* ParlaView.swift in Sources */,
				B0150B502AD2A4F4008F9FEA /* ContiView.swift in Sources */,
				B054B7712AD2FCFF007D4668 /* ViewProva.swift in Sources */,
				B0150B542AD2A513008F9FEA /* OperazioniView.swift in Sources */,
				B0A0BA4C2AD407910087D4AF /* AiutoView.swift in Sources */,
				B0150B582AD2A533008F9FEA /* AltroView.swift in Sources */,
				B0A0BA482AD4061C0087D4AF /* CecitàTotale.swift in Sources */,
			);
			runOnlyForDeploymentPostprocessing = 0;
		};
		B0150B2E2AD29F55008F9FEA /* Sources */ = {
			isa = PBXSourcesBuildPhase;
			buildActionMask = 2147483647;
			files = (
				B0150B372AD29F55008F9FEA /* BrailleTests.swift in Sources */,
			);
			runOnlyForDeploymentPostprocessing = 0;
		};
		B0150B382AD29F55008F9FEA /* Sources */ = {
			isa = PBXSourcesBuildPhase;
			buildActionMask = 2147483647;
			files = (
				B0150B432AD29F55008F9FEA /* BrailleUITestsLaunchTests.swift in Sources */,
				B0150B412AD29F55008F9FEA /* BrailleUITests.swift in Sources */,
			);
			runOnlyForDeploymentPostprocessing = 0;
		};
/* End PBXSourcesBuildPhase section */

/* Begin PBXTargetDependency section */
		B0150B342AD29F55008F9FEA /* PBXTargetDependency */ = {
			isa = PBXTargetDependency;
			target = B0150B212AD29F53008F9FEA /* Braille */;
			targetProxy = B0150B332AD29F55008F9FEA /* PBXContainerItemProxy */;
		};
		B0150B3E2AD29F55008F9FEA /* PBXTargetDependency */ = {
			isa = PBXTargetDependency;
			target = B0150B212AD29F53008F9FEA /* Braille */;
			targetProxy = B0150B3D2AD29F55008F9FEA /* PBXContainerItemProxy */;
		};
/* End PBXTargetDependency section */

/* Begin XCBuildConfiguration section */
		B0150B442AD29F55008F9FEA /* Debug */ = {
			isa = XCBuildConfiguration;
			buildSettings = {
				ALWAYS_SEARCH_USER_PATHS = NO;
				ASSETCATALOG_COMPILER_GENERATE_SWIFT_ASSET_SYMBOL_EXTENSIONS = YES;
				CLANG_ANALYZER_NONNULL = YES;
				CLANG_ANALYZER_NUMBER_OBJECT_CONVERSION = YES_AGGRESSIVE;
				CLANG_CXX_LANGUAGE_STANDARD = "gnu++20";
				CLANG_ENABLE_MODULES = YES;
				CLANG_ENABLE_OBJC_ARC = YES;
				CLANG_ENABLE_OBJC_WEAK = YES;
				CLANG_WARN_BLOCK_CAPTURE_AUTORELEASING = YES;
				CLANG_WARN_BOOL_CONVERSION = YES;
				CLANG_WARN_COMMA = YES;
				CLANG_WARN_CONSTANT_CONVERSION = YES;
				CLANG_WARN_DEPRECATED_OBJC_IMPLEMENTATIONS = YES;
				CLANG_WARN_DIRECT_OBJC_ISA_USAGE = YES_ERROR;
				CLANG_WARN_DOCUMENTATION_COMMENTS = YES;
				CLANG_WARN_EMPTY_BODY = YES;
				CLANG_WARN_ENUM_CONVERSION = YES;
				CLANG_WARN_INFINITE_RECURSION = YES;
				CLANG_WARN_INT_CONVERSION = YES;
				CLANG_WARN_NON_LITERAL_NULL_CONVERSION = YES;
				CLANG_WARN_OBJC_IMPLICIT_RETAIN_SELF = YES;
				CLANG_WARN_OBJC_LITERAL_CONVERSION = YES;
				CLANG_WARN_OBJC_ROOT_CLASS = YES_ERROR;
				CLANG_WARN_QUOTED_INCLUDE_IN_FRAMEWORK_HEADER = YES;
				CLANG_WARN_RANGE_LOOP_ANALYSIS = YES;
				CLANG_WARN_STRICT_PROTOTYPES = YES;
				CLANG_WARN_SUSPICIOUS_MOVE = YES;
				CLANG_WARN_UNGUARDED_AVAILABILITY = YES_AGGRESSIVE;
				CLANG_WARN_UNREACHABLE_CODE = YES;
				CLANG_WARN__DUPLICATE_METHOD_MATCH = YES;
				COPY_PHASE_STRIP = NO;
				DEBUG_INFORMATION_FORMAT = dwarf;
				ENABLE_STRICT_OBJC_MSGSEND = YES;
				ENABLE_TESTABILITY = YES;
				ENABLE_USER_SCRIPT_SANDBOXING = YES;
				GCC_C_LANGUAGE_STANDARD = gnu17;
				GCC_DYNAMIC_NO_PIC = NO;
				GCC_NO_COMMON_BLOCKS = YES;
				GCC_OPTIMIZATION_LEVEL = 0;
				GCC_PREPROCESSOR_DEFINITIONS = (
					"DEBUG=1",
					"$(inherited)",
				);
				GCC_WARN_64_TO_32_BIT_CONVERSION = YES;
				GCC_WARN_ABOUT_RETURN_TYPE = YES_ERROR;
				GCC_WARN_UNDECLARED_SELECTOR = YES;
				GCC_WARN_UNINITIALIZED_AUTOS = YES_AGGRESSIVE;
				GCC_WARN_UNUSED_FUNCTION = YES;
				GCC_WARN_UNUSED_VARIABLE = YES;
				IPHONEOS_DEPLOYMENT_TARGET = 17.0;
				LOCALIZATION_PREFERS_STRING_CATALOGS = YES;
				MTL_ENABLE_DEBUG_INFO = INCLUDE_SOURCE;
				MTL_FAST_MATH = YES;
				ONLY_ACTIVE_ARCH = YES;
				SDKROOT = iphoneos;
				SWIFT_ACTIVE_COMPILATION_CONDITIONS = "DEBUG $(inherited)";
				SWIFT_OPTIMIZATION_LEVEL = "-Onone";
			};
			name = Debug;
		};
		B0150B452AD29F55008F9FEA /* Release */ = {
			isa = XCBuildConfiguration;
			buildSettings = {
				ALWAYS_SEARCH_USER_PATHS = NO;
				ASSETCATALOG_COMPILER_GENERATE_SWIFT_ASSET_SYMBOL_EXTENSIONS = YES;
				CLANG_ANALYZER_NONNULL = YES;
				CLANG_ANALYZER_NUMBER_OBJECT_CONVERSION = YES_AGGRESSIVE;
				CLANG_CXX_LANGUAGE_STANDARD = "gnu++20";
				CLANG_ENABLE_MODULES = YES;
				CLANG_ENABLE_OBJC_ARC = YES;
				CLANG_ENABLE_OBJC_WEAK = YES;
				CLANG_WARN_BLOCK_CAPTURE_AUTORELEASING = YES;
				CLANG_WARN_BOOL_CONVERSION = YES;
				CLANG_WARN_COMMA = YES;
				CLANG_WARN_CONSTANT_CONVERSION = YES;
				CLANG_WARN_DEPRECATED_OBJC_IMPLEMENTATIONS = YES;
				CLANG_WARN_DIRECT_OBJC_ISA_USAGE = YES_ERROR;
				CLANG_WARN_DOCUMENTATION_COMMENTS = YES;
				CLANG_WARN_EMPTY_BODY = YES;
				CLANG_WARN_ENUM_CONVERSION = YES;
				CLANG_WARN_INFINITE_RECURSION = YES;
				CLANG_WARN_INT_CONVERSION = YES;
				CLANG_WARN_NON_LITERAL_NULL_CONVERSION = YES;
				CLANG_WARN_OBJC_IMPLICIT_RETAIN_SELF = YES;
				CLANG_WARN_OBJC_LITERAL_CONVERSION = YES;
				CLANG_WARN_OBJC_ROOT_CLASS = YES_ERROR;
				CLANG_WARN_QUOTED_INCLUDE_IN_FRAMEWORK_HEADER = YES;
				CLANG_WARN_RANGE_LOOP_ANALYSIS = YES;
				CLANG_WARN_STRICT_PROTOTYPES = YES;
				CLANG_WARN_SUSPICIOUS_MOVE = YES;
				CLANG_WARN_UNGUARDED_AVAILABILITY = YES_AGGRESSIVE;
				CLANG_WARN_UNREACHABLE_CODE = YES;
				CLANG_WARN__DUPLICATE_METHOD_MATCH = YES;
				COPY_PHASE_STRIP = NO;
				DEBUG_INFORMATION_FORMAT = "dwarf-with-dsym";
				ENABLE_NS_ASSERTIONS = NO;
				ENABLE_STRICT_OBJC_MSGSEND = YES;
				ENABLE_USER_SCRIPT_SANDBOXING = YES;
				GCC_C_LANGUAGE_STANDARD = gnu17;
				GCC_NO_COMMON_BLOCKS = YES;
				GCC_WARN_64_TO_32_BIT_CONVERSION = YES;
				GCC_WARN_ABOUT_RETURN_TYPE = YES_ERROR;
				GCC_WARN_UNDECLARED_SELECTOR = YES;
				GCC_WARN_UNINITIALIZED_AUTOS = YES_AGGRESSIVE;
				GCC_WARN_UNUSED_FUNCTION = YES;
				GCC_WARN_UNUSED_VARIABLE = YES;
				IPHONEOS_DEPLOYMENT_TARGET = 17.0;
				LOCALIZATION_PREFERS_STRING_CATALOGS = YES;
				MTL_ENABLE_DEBUG_INFO = NO;
				MTL_FAST_MATH = YES;
				SDKROOT = iphoneos;
				SWIFT_COMPILATION_MODE = wholemodule;
				VALIDATE_PRODUCT = YES;
			};
			name = Release;
		};
		B0150B472AD29F55008F9FEA /* Debug */ = {
			isa = XCBuildConfiguration;
			buildSettings = {
				ASSETCATALOG_COMPILER_APPICON_NAME = AppIcon;
				ASSETCATALOG_COMPILER_GLOBAL_ACCENT_COLOR_NAME = AccentColor;
				CODE_SIGN_STYLE = Automatic;
				CURRENT_PROJECT_VERSION = 1;
				DEVELOPMENT_ASSET_PATHS = "\"Braille/Preview Content\"";
				DEVELOPMENT_TEAM = 9TJL6Q93M5;
				ENABLE_PREVIEWS = YES;
				GENERATE_INFOPLIST_FILE = YES;
				INFOPLIST_FILE = Braille/Info.plist;
				INFOPLIST_KEY_UIApplicationSceneManifest_Generation = YES;
				INFOPLIST_KEY_UIApplicationSupportsIndirectInputEvents = YES;
				INFOPLIST_KEY_UILaunchScreen_Generation = YES;
				INFOPLIST_KEY_UISupportedInterfaceOrientations_iPad = "UIInterfaceOrientationPortrait UIInterfaceOrientationPortraitUpsideDown UIInterfaceOrientationLandscapeLeft UIInterfaceOrientationLandscapeRight";
				INFOPLIST_KEY_UISupportedInterfaceOrientations_iPhone = "UIInterfaceOrientationPortrait UIInterfaceOrientationLandscapeLeft UIInterfaceOrientationLandscapeRight";
				LD_RUNPATH_SEARCH_PATHS = (
					"$(inherited)",
					"@executable_path/Frameworks",
				);
				MARKETING_VERSION = 1.0;
				PRODUCT_BUNDLE_IDENTIFIER = eliana.ecuba.Braille;
				PRODUCT_NAME = "$(TARGET_NAME)";
				SWIFT_EMIT_LOC_STRINGS = YES;
				SWIFT_VERSION = 5.0;
				TARGETED_DEVICE_FAMILY = "1,2";
			};
			name = Debug;
		};
		B0150B482AD29F55008F9FEA /* Release */ = {
			isa = XCBuildConfiguration;
			buildSettings = {
				ASSETCATALOG_COMPILER_APPICON_NAME = AppIcon;
				ASSETCATALOG_COMPILER_GLOBAL_ACCENT_COLOR_NAME = AccentColor;
				CODE_SIGN_STYLE = Automatic;
				CURRENT_PROJECT_VERSION = 1;
				DEVELOPMENT_ASSET_PATHS = "\"Braille/Preview Content\"";
				DEVELOPMENT_TEAM = 9TJL6Q93M5;
				ENABLE_PREVIEWS = YES;
				GENERATE_INFOPLIST_FILE = YES;
				INFOPLIST_FILE = Braille/Info.plist;
				INFOPLIST_KEY_UIApplicationSceneManifest_Generation = YES;
				INFOPLIST_KEY_UIApplicationSupportsIndirectInputEvents = YES;
				INFOPLIST_KEY_UILaunchScreen_Generation = YES;
				INFOPLIST_KEY_UISupportedInterfaceOrientations_iPad = "UIInterfaceOrientationPortrait UIInterfaceOrientationPortraitUpsideDown UIInterfaceOrientationLandscapeLeft UIInterfaceOrientationLandscapeRight";
				INFOPLIST_KEY_UISupportedInterfaceOrientations_iPhone = "UIInterfaceOrientationPortrait UIInterfaceOrientationLandscapeLeft UIInterfaceOrientationLandscapeRight";
				LD_RUNPATH_SEARCH_PATHS = (
					"$(inherited)",
					"@executable_path/Frameworks",
				);
				MARKETING_VERSION = 1.0;
				PRODUCT_BUNDLE_IDENTIFIER = eliana.ecuba.Braille;
				PRODUCT_NAME = "$(TARGET_NAME)";
				SWIFT_EMIT_LOC_STRINGS = YES;
				SWIFT_VERSION = 5.0;
				TARGETED_DEVICE_FAMILY = "1,2";
			};
			name = Release;
		};
		B0150B4A2AD29F55008F9FEA /* Debug */ = {
			isa = XCBuildConfiguration;
			buildSettings = {
				ALWAYS_EMBED_SWIFT_STANDARD_LIBRARIES = YES;
				BUNDLE_LOADER = "$(TEST_HOST)";
				CODE_SIGN_STYLE = Automatic;
				CURRENT_PROJECT_VERSION = 1;
				DEVELOPMENT_TEAM = HCD64BL62X;
				GENERATE_INFOPLIST_FILE = YES;
				IPHONEOS_DEPLOYMENT_TARGET = 17.0;
				MARKETING_VERSION = 1.0;
				PRODUCT_BUNDLE_IDENTIFIER = eliana.ecuba.BrailleTests;
				PRODUCT_NAME = "$(TARGET_NAME)";
				SWIFT_EMIT_LOC_STRINGS = NO;
				SWIFT_VERSION = 5.0;
				TARGETED_DEVICE_FAMILY = "1,2";
				TEST_HOST = "$(BUILT_PRODUCTS_DIR)/Braille.app/$(BUNDLE_EXECUTABLE_FOLDER_PATH)/Braille";
			};
			name = Debug;
		};
		B0150B4B2AD29F55008F9FEA /* Release */ = {
			isa = XCBuildConfiguration;
			buildSettings = {
				ALWAYS_EMBED_SWIFT_STANDARD_LIBRARIES = YES;
				BUNDLE_LOADER = "$(TEST_HOST)";
				CODE_SIGN_STYLE = Automatic;
				CURRENT_PROJECT_VERSION = 1;
				DEVELOPMENT_TEAM = HCD64BL62X;
				GENERATE_INFOPLIST_FILE = YES;
				IPHONEOS_DEPLOYMENT_TARGET = 17.0;
				MARKETING_VERSION = 1.0;
				PRODUCT_BUNDLE_IDENTIFIER = eliana.ecuba.BrailleTests;
				PRODUCT_NAME = "$(TARGET_NAME)";
				SWIFT_EMIT_LOC_STRINGS = NO;
				SWIFT_VERSION = 5.0;
				TARGETED_DEVICE_FAMILY = "1,2";
				TEST_HOST = "$(BUILT_PRODUCTS_DIR)/Braille.app/$(BUNDLE_EXECUTABLE_FOLDER_PATH)/Braille";
			};
			name = Release;
		};
		B0150B4D2AD29F55008F9FEA /* Debug */ = {
			isa = XCBuildConfiguration;
			buildSettings = {
				ALWAYS_EMBED_SWIFT_STANDARD_LIBRARIES = YES;
				CODE_SIGN_STYLE = Automatic;
				CURRENT_PROJECT_VERSION = 1;
				DEVELOPMENT_TEAM = HCD64BL62X;
				GENERATE_INFOPLIST_FILE = YES;
				MARKETING_VERSION = 1.0;
				PRODUCT_BUNDLE_IDENTIFIER = eliana.ecuba.BrailleUITests;
				PRODUCT_NAME = "$(TARGET_NAME)";
				SWIFT_EMIT_LOC_STRINGS = NO;
				SWIFT_VERSION = 5.0;
				TARGETED_DEVICE_FAMILY = "1,2";
				TEST_TARGET_NAME = Braille;
			};
			name = Debug;
		};
		B0150B4E2AD29F55008F9FEA /* Release */ = {
			isa = XCBuildConfiguration;
			buildSettings = {
				ALWAYS_EMBED_SWIFT_STANDARD_LIBRARIES = YES;
				CODE_SIGN_STYLE = Automatic;
				CURRENT_PROJECT_VERSION = 1;
				DEVELOPMENT_TEAM = HCD64BL62X;
				GENERATE_INFOPLIST_FILE = YES;
				MARKETING_VERSION = 1.0;
				PRODUCT_BUNDLE_IDENTIFIER = eliana.ecuba.BrailleUITests;
				PRODUCT_NAME = "$(TARGET_NAME)";
				SWIFT_EMIT_LOC_STRINGS = NO;
				SWIFT_VERSION = 5.0;
				TARGETED_DEVICE_FAMILY = "1,2";
				TEST_TARGET_NAME = Braille;
			};
			name = Release;
		};
/* End XCBuildConfiguration section */

/* Begin XCConfigurationList section */
		B0150B1D2AD29F53008F9FEA /* Build configuration list for PBXProject "Braille" */ = {
			isa = XCConfigurationList;
			buildConfigurations = (
				B0150B442AD29F55008F9FEA /* Debug */,
				B0150B452AD29F55008F9FEA /* Release */,
			);
			defaultConfigurationIsVisible = 0;
			defaultConfigurationName = Release;
		};
		B0150B462AD29F55008F9FEA /* Build configuration list for PBXNativeTarget "Braille" */ = {
			isa = XCConfigurationList;
			buildConfigurations = (
				B0150B472AD29F55008F9FEA /* Debug */,
				B0150B482AD29F55008F9FEA /* Release */,
			);
			defaultConfigurationIsVisible = 0;
			defaultConfigurationName = Release;
		};
		B0150B492AD29F55008F9FEA /* Build configuration list for PBXNativeTarget "BrailleTests" */ = {
			isa = XCConfigurationList;
			buildConfigurations = (
				B0150B4A2AD29F55008F9FEA /* Debug */,
				B0150B4B2AD29F55008F9FEA /* Release */,
			);
			defaultConfigurationIsVisible = 0;
			defaultConfigurationName = Release;
		};
		B0150B4C2AD29F55008F9FEA /* Build configuration list for PBXNativeTarget "BrailleUITests" */ = {
			isa = XCConfigurationList;
			buildConfigurations = (
				B0150B4D2AD29F55008F9FEA /* Debug */,
				B0150B4E2AD29F55008F9FEA /* Release */,
			);
			defaultConfigurationIsVisible = 0;
			defaultConfigurationName = Release;
		};
/* End XCConfigurationList section */
	};
	rootObject = B0150B1A2AD29F53008F9FEA /* Project object */;
}
